// !$*UTF8*$!
{
	archiveVersion = 1;
	classes = {
	};
	objectVersion = 50;
	objects = {

/* Begin PBXBuildFile section */
		8184D75E2386B22B009674D5 /* OpenGL.framework in Frameworks */ = {isa = PBXBuildFile; fileRef = 8184D75D2386B22B009674D5 /* OpenGL.framework */; };
		8184D7602386B231009674D5 /* GLKit.framework in Frameworks */ = {isa = PBXBuildFile; fileRef = 8184D75F2386B231009674D5 /* GLKit.framework */; };
		8184D7622386B23E009674D5 /* Foundation.framework in Frameworks */ = {isa = PBXBuildFile; fileRef = 8184D7612386B23E009674D5 /* Foundation.framework */; };
		8184D7682386B32E009674D5 /* libglfw3.a in Frameworks */ = {isa = PBXBuildFile; fileRef = 8184D7632386B2B7009674D5 /* libglfw3.a */; };
		8184D76A2386B494009674D5 /* CoreGraphics.framework in Frameworks */ = {isa = PBXBuildFile; fileRef = 8184D7692386B494009674D5 /* CoreGraphics.framework */; };
		8184D76C2386B4D7009674D5 /* CoreVideo.framework in Frameworks */ = {isa = PBXBuildFile; fileRef = 8184D76B2386B4D7009674D5 /* CoreVideo.framework */; };
		8184D76E2386B4E5009674D5 /* IOKit.framework in Frameworks */ = {isa = PBXBuildFile; fileRef = 8184D76D2386B4E5009674D5 /* IOKit.framework */; };
		8184D7702386B532009674D5 /* Cocoa.framework in Frameworks */ = {isa = PBXBuildFile; fileRef = 8184D76F2386B532009674D5 /* Cocoa.framework */; };
		81D1413C23A3E62F00707F14 /* Application.cpp in Sources */ = {isa = PBXBuildFile; fileRef = 81D1411523A3E62F00707F14 /* Application.cpp */; };
		81D1413D23A3E62F00707F14 /* stb_image.cpp in Sources */ = {isa = PBXBuildFile; fileRef = 81D1411823A3E62F00707F14 /* stb_image.cpp */; };
		81D1413E23A3E62F00707F14 /* Texture2D.cpp in Sources */ = {isa = PBXBuildFile; fileRef = 81D1411923A3E62F00707F14 /* Texture2D.cpp */; };
		81D1413F23A3E62F00707F14 /* Material.cpp in Sources */ = {isa = PBXBuildFile; fileRef = 81D1411C23A3E62F00707F14 /* Material.cpp */; };
		81D1414023A3E62F00707F14 /* Entity.cpp in Sources */ = {isa = PBXBuildFile; fileRef = 81D1411E23A3E62F00707F14 /* Entity.cpp */; };
		81D1414123A3E62F00707F14 /* Lamp.cpp in Sources */ = {isa = PBXBuildFile; fileRef = 81D1412123A3E62F00707F14 /* Lamp.cpp */; };
		81D1414223A3E62F00707F14 /* Camera.cpp in Sources */ = {isa = PBXBuildFile; fileRef = 81D1412623A3E62F00707F14 /* Camera.cpp */; };
		81D1414323A3E62F00707F14 /* InputEvent.cpp in Sources */ = {isa = PBXBuildFile; fileRef = 81D1412923A3E62F00707F14 /* InputEvent.cpp */; };
		81D1414423A3E62F00707F14 /* MemoryManagement.cpp in Sources */ = {isa = PBXBuildFile; fileRef = 81D1412D23A3E62F00707F14 /* MemoryManagement.cpp */; };
		81D1414523A3E62F00707F14 /* Shader.cpp in Sources */ = {isa = PBXBuildFile; fileRef = 81D1413023A3E62F00707F14 /* Shader.cpp */; };
		81D1414623A3E62F00707F14 /* Window.cpp in Sources */ = {isa = PBXBuildFile; fileRef = 81D1413923A3E62F00707F14 /* Window.cpp */; };
		81D1414723A3E62F00707F14 /* glad.c in Sources */ = {isa = PBXBuildFile; fileRef = 81D1413B23A3E62F00707F14 /* glad.c */; };
/* End PBXBuildFile section */

/* Begin PBXCopyFilesBuildPhase section */
		818251142386AFCD00C504E5 /* CopyFiles */ = {
			isa = PBXCopyFilesBuildPhase;
			buildActionMask = 2147483647;
			dstPath = /usr/share/man/man1/;
			dstSubfolderSpec = 0;
			files = (
			);
			runOnlyForDeploymentPostprocessing = 1;
		};
/* End PBXCopyFilesBuildPhase section */

/* Begin PBXFileReference section */
		818251162386AFCD00C504E5 /* GL_Game */ = {isa = PBXFileReference; explicitFileType = "compiled.mach-o.executable"; includeInIndex = 0; path = GL_Game; sourceTree = BUILT_PRODUCTS_DIR; };
		8184D75D2386B22B009674D5 /* OpenGL.framework */ = {isa = PBXFileReference; lastKnownFileType = wrapper.framework; name = OpenGL.framework; path = System/Library/Frameworks/OpenGL.framework; sourceTree = SDKROOT; };
		8184D75F2386B231009674D5 /* GLKit.framework */ = {isa = PBXFileReference; lastKnownFileType = wrapper.framework; name = GLKit.framework; path = System/Library/Frameworks/GLKit.framework; sourceTree = SDKROOT; };
		8184D7612386B23E009674D5 /* Foundation.framework */ = {isa = PBXFileReference; lastKnownFileType = wrapper.framework; name = Foundation.framework; path = System/Library/Frameworks/Foundation.framework; sourceTree = SDKROOT; };
		8184D7632386B2B7009674D5 /* libglfw3.a */ = {isa = PBXFileReference; lastKnownFileType = archive.ar; name = libglfw3.a; path = "GL_Game/3rd_party/GLFW/lib-macos/libglfw3.a"; sourceTree = "<group>"; };
		8184D7642386B2C9009674D5 /* libglfw.3.dylib */ = {isa = PBXFileReference; lastKnownFileType = "compiled.mach-o.dylib"; name = libglfw.3.dylib; path = "GL_Game/3rd_party/GLFW/lib-macos/libglfw.3.dylib"; sourceTree = "<group>"; };
		8184D7692386B494009674D5 /* CoreGraphics.framework */ = {isa = PBXFileReference; lastKnownFileType = wrapper.framework; name = CoreGraphics.framework; path = System/Library/Frameworks/CoreGraphics.framework; sourceTree = SDKROOT; };
		8184D76B2386B4D7009674D5 /* CoreVideo.framework */ = {isa = PBXFileReference; lastKnownFileType = wrapper.framework; name = CoreVideo.framework; path = System/Library/Frameworks/CoreVideo.framework; sourceTree = SDKROOT; };
		8184D76D2386B4E5009674D5 /* IOKit.framework */ = {isa = PBXFileReference; lastKnownFileType = wrapper.framework; name = IOKit.framework; path = System/Library/Frameworks/IOKit.framework; sourceTree = SDKROOT; };
		8184D76F2386B532009674D5 /* Cocoa.framework */ = {isa = PBXFileReference; lastKnownFileType = wrapper.framework; name = Cocoa.framework; path = System/Library/Frameworks/Cocoa.framework; sourceTree = SDKROOT; };
		81D1411523A3E62F00707F14 /* Application.cpp */ = {isa = PBXFileReference; fileEncoding = 4; lastKnownFileType = sourcecode.cpp.cpp; name = Application.cpp; path = src/Application.cpp; sourceTree = "<group>"; };
		81D1411723A3E62F00707F14 /* Texture2D.h */ = {isa = PBXFileReference; fileEncoding = 4; lastKnownFileType = sourcecode.c.h; path = Texture2D.h; sourceTree = "<group>"; };
		81D1411823A3E62F00707F14 /* stb_image.cpp */ = {isa = PBXFileReference; fileEncoding = 4; lastKnownFileType = sourcecode.cpp.cpp; path = stb_image.cpp; sourceTree = "<group>"; };
		81D1411923A3E62F00707F14 /* Texture2D.cpp */ = {isa = PBXFileReference; fileEncoding = 4; lastKnownFileType = sourcecode.cpp.cpp; path = Texture2D.cpp; sourceTree = "<group>"; };
		81D1411B23A3E62F00707F14 /* Material.h */ = {isa = PBXFileReference; fileEncoding = 4; lastKnownFileType = sourcecode.c.h; path = Material.h; sourceTree = "<group>"; };
		81D1411C23A3E62F00707F14 /* Material.cpp */ = {isa = PBXFileReference; fileEncoding = 4; lastKnownFileType = sourcecode.cpp.cpp; path = Material.cpp; sourceTree = "<group>"; };
		81D1411E23A3E62F00707F14 /* Entity.cpp */ = {isa = PBXFileReference; fileEncoding = 4; lastKnownFileType = sourcecode.cpp.cpp; path = Entity.cpp; sourceTree = "<group>"; };
		81D1411F23A3E62F00707F14 /* Entity.h */ = {isa = PBXFileReference; fileEncoding = 4; lastKnownFileType = sourcecode.c.h; path = Entity.h; sourceTree = "<group>"; };
		81D1412123A3E62F00707F14 /* Lamp.cpp */ = {isa = PBXFileReference; fileEncoding = 4; lastKnownFileType = sourcecode.cpp.cpp; path = Lamp.cpp; sourceTree = "<group>"; };
		81D1412223A3E62F00707F14 /* Lamp.h */ = {isa = PBXFileReference; fileEncoding = 4; lastKnownFileType = sourcecode.c.h; path = Lamp.h; sourceTree = "<group>"; };
		81D1412423A3E62F00707F14 /* StringExtension.h */ = {isa = PBXFileReference; fileEncoding = 4; lastKnownFileType = sourcecode.c.h; path = StringExtension.h; sourceTree = "<group>"; };
		81D1412623A3E62F00707F14 /* Camera.cpp */ = {isa = PBXFileReference; fileEncoding = 4; lastKnownFileType = sourcecode.cpp.cpp; path = Camera.cpp; sourceTree = "<group>"; };
		81D1412723A3E62F00707F14 /* Camera.h */ = {isa = PBXFileReference; fileEncoding = 4; lastKnownFileType = sourcecode.c.h; path = Camera.h; sourceTree = "<group>"; };
		81D1412923A3E62F00707F14 /* InputEvent.cpp */ = {isa = PBXFileReference; fileEncoding = 4; lastKnownFileType = sourcecode.cpp.cpp; path = InputEvent.cpp; sourceTree = "<group>"; };
		81D1412A23A3E62F00707F14 /* InputEvent.h */ = {isa = PBXFileReference; fileEncoding = 4; lastKnownFileType = sourcecode.c.h; path = InputEvent.h; sourceTree = "<group>"; };
		81D1412C23A3E62F00707F14 /* MemoryManagement.h */ = {isa = PBXFileReference; fileEncoding = 4; lastKnownFileType = sourcecode.c.h; path = MemoryManagement.h; sourceTree = "<group>"; };
		81D1412D23A3E62F00707F14 /* MemoryManagement.cpp */ = {isa = PBXFileReference; fileEncoding = 4; lastKnownFileType = sourcecode.cpp.cpp; path = MemoryManagement.cpp; sourceTree = "<group>"; };
		81D1412F23A3E62F00707F14 /* Shader.h */ = {isa = PBXFileReference; fileEncoding = 4; lastKnownFileType = sourcecode.c.h; path = Shader.h; sourceTree = "<group>"; };
		81D1413023A3E62F00707F14 /* Shader.cpp */ = {isa = PBXFileReference; fileEncoding = 4; lastKnownFileType = sourcecode.cpp.cpp; path = Shader.cpp; sourceTree = "<group>"; };
		81D1413223A3E62F00707F14 /* Debug_Vertex.vert */ = {isa = PBXFileReference; fileEncoding = 4; lastKnownFileType = sourcecode.glsl; path = Debug_Vertex.vert; sourceTree = "<group>"; };
		81D1413323A3E62F00707F14 /* Test_Vertex.vert */ = {isa = PBXFileReference; fileEncoding = 4; lastKnownFileType = sourcecode.glsl; path = Test_Vertex.vert; sourceTree = "<group>"; };
		81D1413423A3E62F00707F14 /* Lamp_Vertex.vert */ = {isa = PBXFileReference; fileEncoding = 4; lastKnownFileType = sourcecode.glsl; path = Lamp_Vertex.vert; sourceTree = "<group>"; };
		81D1413523A3E62F00707F14 /* Lamp_Fragment.frag */ = {isa = PBXFileReference; fileEncoding = 4; lastKnownFileType = sourcecode.glsl; path = Lamp_Fragment.frag; sourceTree = "<group>"; };
		81D1413623A3E62F00707F14 /* Test_Fragment.frag */ = {isa = PBXFileReference; fileEncoding = 4; lastKnownFileType = sourcecode.glsl; path = Test_Fragment.frag; sourceTree = "<group>"; };
		81D1413723A3E62F00707F14 /* Debug_Fragment.frag */ = {isa = PBXFileReference; fileEncoding = 4; lastKnownFileType = sourcecode.glsl; path = Debug_Fragment.frag; sourceTree = "<group>"; };
		81D1413923A3E62F00707F14 /* Window.cpp */ = {isa = PBXFileReference; fileEncoding = 4; lastKnownFileType = sourcecode.cpp.cpp; path = Window.cpp; sourceTree = "<group>"; };
		81D1413A23A3E62F00707F14 /* Window.h */ = {isa = PBXFileReference; fileEncoding = 4; lastKnownFileType = sourcecode.c.h; path = Window.h; sourceTree = "<group>"; };
		81D1413B23A3E62F00707F14 /* glad.c */ = {isa = PBXFileReference; fileEncoding = 4; lastKnownFileType = sourcecode.c.c; path = glad.c; sourceTree = "<group>"; };
/* End PBXFileReference section */

/* Begin PBXFrameworksBuildPhase section */
		818251132386AFCD00C504E5 /* Frameworks */ = {
			isa = PBXFrameworksBuildPhase;
			buildActionMask = 2147483647;
			files = (
				8184D7702386B532009674D5 /* Cocoa.framework in Frameworks */,
				8184D7602386B231009674D5 /* GLKit.framework in Frameworks */,
				8184D7622386B23E009674D5 /* Foundation.framework in Frameworks */,
				8184D75E2386B22B009674D5 /* OpenGL.framework in Frameworks */,
				8184D76A2386B494009674D5 /* CoreGraphics.framework in Frameworks */,
				8184D7682386B32E009674D5 /* libglfw3.a in Frameworks */,
				8184D76E2386B4E5009674D5 /* IOKit.framework in Frameworks */,
				8184D76C2386B4D7009674D5 /* CoreVideo.framework in Frameworks */,
			);
			runOnlyForDeploymentPostprocessing = 0;
		};
/* End PBXFrameworksBuildPhase section */

/* Begin PBXGroup section */
		8182510D2386AFCD00C504E5 = {
			isa = PBXGroup;
			children = (
				818251182386AFCD00C504E5 /* GL_Game */,
				818251172386AFCD00C504E5 /* Products */,
				8184D75C2386B22B009674D5 /* Frameworks */,
			);
			sourceTree = "<group>";
		};
		818251172386AFCD00C504E5 /* Products */ = {
			isa = PBXGroup;
			children = (
				818251162386AFCD00C504E5 /* GL_Game */,
			);
			name = Products;
			sourceTree = "<group>";
		};
		818251182386AFCD00C504E5 /* GL_Game */ = {
			isa = PBXGroup;
			children = (
				81D1411523A3E62F00707F14 /* Application.cpp */,
				81D1412523A3E62F00707F14 /* Camera */,
				81D1411D23A3E62F00707F14 /* Entities */,
				81D1412823A3E62F00707F14 /* Events */,
				81D1412B23A3E62F00707F14 /* GL */,
				81D1411A23A3E62F00707F14 /* Materials */,
				81D1411623A3E62F00707F14 /* Textures */,
				81D1412323A3E62F00707F14 /* Tools */,
			);
			path = GL_Game;
			sourceTree = "<group>";
		};
		8184D75C2386B22B009674D5 /* Frameworks */ = {
			isa = PBXGroup;
			children = (
				8184D76F2386B532009674D5 /* Cocoa.framework */,
				8184D76D2386B4E5009674D5 /* IOKit.framework */,
				8184D76B2386B4D7009674D5 /* CoreVideo.framework */,
				8184D7692386B494009674D5 /* CoreGraphics.framework */,
				8184D7642386B2C9009674D5 /* libglfw.3.dylib */,
				8184D7632386B2B7009674D5 /* libglfw3.a */,
				8184D7612386B23E009674D5 /* Foundation.framework */,
				8184D75F2386B231009674D5 /* GLKit.framework */,
				8184D75D2386B22B009674D5 /* OpenGL.framework */,
			);
			name = Frameworks;
			sourceTree = "<group>";
		};
		81D1411623A3E62F00707F14 /* Textures */ = {
			isa = PBXGroup;
			children = (
				81D1411723A3E62F00707F14 /* Texture2D.h */,
				81D1411823A3E62F00707F14 /* stb_image.cpp */,
				81D1411923A3E62F00707F14 /* Texture2D.cpp */,
			);
			name = Textures;
			path = src/Textures;
			sourceTree = "<group>";
		};
		81D1411A23A3E62F00707F14 /* Materials */ = {
			isa = PBXGroup;
			children = (
				81D1411B23A3E62F00707F14 /* Material.h */,
				81D1411C23A3E62F00707F14 /* Material.cpp */,
			);
			name = Materials;
			path = src/Materials;
			sourceTree = "<group>";
		};
		81D1411D23A3E62F00707F14 /* Entities */ = {
			isa = PBXGroup;
			children = (
				81D1411E23A3E62F00707F14 /* Entity.cpp */,
				81D1411F23A3E62F00707F14 /* Entity.h */,
				81D1412023A3E62F00707F14 /* Debug */,
			);
			name = Entities;
			path = src/Entities;
			sourceTree = "<group>";
		};
		81D1412023A3E62F00707F14 /* Debug */ = {
			isa = PBXGroup;
			children = (
				81D1412123A3E62F00707F14 /* Lamp.cpp */,
				81D1412223A3E62F00707F14 /* Lamp.h */,
			);
			path = Debug;
			sourceTree = "<group>";
		};
		81D1412323A3E62F00707F14 /* Tools */ = {
			isa = PBXGroup;
			children = (
				81D1412423A3E62F00707F14 /* StringExtension.h */,
			);
			name = Tools;
			path = src/Tools;
			sourceTree = "<group>";
		};
		81D1412523A3E62F00707F14 /* Camera */ = {
			isa = PBXGroup;
			children = (
				81D1412623A3E62F00707F14 /* Camera.cpp */,
				81D1412723A3E62F00707F14 /* Camera.h */,
			);
			name = Camera;
			path = src/Camera;
			sourceTree = "<group>";
		};
		81D1412823A3E62F00707F14 /* Events */ = {
			isa = PBXGroup;
			children = (
				81D1412923A3E62F00707F14 /* InputEvent.cpp */,
				81D1412A23A3E62F00707F14 /* InputEvent.h */,
			);
			name = Events;
			path = src/Events;
			sourceTree = "<group>";
		};
		81D1412B23A3E62F00707F14 /* GL */ = {
			isa = PBXGroup;
			children = (
				81D1412C23A3E62F00707F14 /* MemoryManagement.h */,
				81D1412D23A3E62F00707F14 /* MemoryManagement.cpp */,
				81D1412E23A3E62F00707F14 /* Render */,
				81D1413823A3E62F00707F14 /* Window */,
				81D1413B23A3E62F00707F14 /* glad.c */,
			);
			name = GL;
			path = src/GL;
			sourceTree = "<group>";
		};
		81D1412E23A3E62F00707F14 /* Render */ = {
			isa = PBXGroup;
			children = (
				81D1412F23A3E62F00707F14 /* Shader.h */,
				81D1413023A3E62F00707F14 /* Shader.cpp */,
				81D1413123A3E62F00707F14 /* Shaders */,
			);
			path = Render;
			sourceTree = "<group>";
		};
		81D1413123A3E62F00707F14 /* Shaders */ = {
			isa = PBXGroup;
			children = (
				81D1413223A3E62F00707F14 /* Debug_Vertex.vert */,
				81D1413323A3E62F00707F14 /* Test_Vertex.vert */,
				81D1413423A3E62F00707F14 /* Lamp_Vertex.vert */,
				81D1413523A3E62F00707F14 /* Lamp_Fragment.frag */,
				81D1413623A3E62F00707F14 /* Test_Fragment.frag */,
				81D1413723A3E62F00707F14 /* Debug_Fragment.frag */,
			);
			path = Shaders;
			sourceTree = "<group>";
		};
		81D1413823A3E62F00707F14 /* Window */ = {
			isa = PBXGroup;
			children = (
				81D1413923A3E62F00707F14 /* Window.cpp */,
				81D1413A23A3E62F00707F14 /* Window.h */,
			);
			path = Window;
			sourceTree = "<group>";
		};
/* End PBXGroup section */

/* Begin PBXNativeTarget section */
		818251152386AFCD00C504E5 /* GL_Game */ = {
			isa = PBXNativeTarget;
			buildConfigurationList = 8182511D2386AFCD00C504E5 /* Build configuration list for PBXNativeTarget "GL_Game" */;
			buildPhases = (
				818251122386AFCD00C504E5 /* Sources */,
				818251132386AFCD00C504E5 /* Frameworks */,
				818251142386AFCD00C504E5 /* CopyFiles */,
			);
			buildRules = (
			);
			dependencies = (
			);
			name = GL_Game;
			productName = GL_Game;
			productReference = 818251162386AFCD00C504E5 /* GL_Game */;
			productType = "com.apple.product-type.tool";
		};
/* End PBXNativeTarget section */

/* Begin PBXProject section */
		8182510E2386AFCD00C504E5 /* Project object */ = {
			isa = PBXProject;
			attributes = {
				LastUpgradeCheck = 1120;
				ORGANIZATIONNAME = "Vinicius Higa";
				TargetAttributes = {
					818251152386AFCD00C504E5 = {
						CreatedOnToolsVersion = 11.2;
					};
				};
			};
			buildConfigurationList = 818251112386AFCD00C504E5 /* Build configuration list for PBXProject "GL_Game" */;
			compatibilityVersion = "Xcode 9.3";
			developmentRegion = en;
			hasScannedForEncodings = 0;
			knownRegions = (
				en,
				Base,
			);
			mainGroup = 8182510D2386AFCD00C504E5;
			productRefGroup = 818251172386AFCD00C504E5 /* Products */;
			projectDirPath = "";
			projectRoot = "";
			targets = (
				818251152386AFCD00C504E5 /* GL_Game */,
			);
		};
/* End PBXProject section */

/* Begin PBXSourcesBuildPhase section */
		818251122386AFCD00C504E5 /* Sources */ = {
			isa = PBXSourcesBuildPhase;
			buildActionMask = 2147483647;
			files = (
				81D1414623A3E62F00707F14 /* Window.cpp in Sources */,
				81D1413F23A3E62F00707F14 /* Material.cpp in Sources */,
				81D1414323A3E62F00707F14 /* InputEvent.cpp in Sources */,
				81D1413C23A3E62F00707F14 /* Application.cpp in Sources */,
				81D1414223A3E62F00707F14 /* Camera.cpp in Sources */,
				81D1414523A3E62F00707F14 /* Shader.cpp in Sources */,
				81D1414423A3E62F00707F14 /* MemoryManagement.cpp in Sources */,
				81D1413E23A3E62F00707F14 /* Texture2D.cpp in Sources */,
				81D1414123A3E62F00707F14 /* Lamp.cpp in Sources */,
				81D1414023A3E62F00707F14 /* Entity.cpp in Sources */,
				81D1413D23A3E62F00707F14 /* stb_image.cpp in Sources */,
				81D1414723A3E62F00707F14 /* glad.c in Sources */,
			);
			runOnlyForDeploymentPostprocessing = 0;
		};
/* End PBXSourcesBuildPhase section */

/* Begin XCBuildConfiguration section */
		8182511B2386AFCD00C504E5 /* Debug */ = {
			isa = XCBuildConfiguration;
			buildSettings = {
				ALWAYS_SEARCH_USER_PATHS = NO;
				CLANG_ANALYZER_NONNULL = YES;
				CLANG_ANALYZER_NUMBER_OBJECT_CONVERSION = YES_AGGRESSIVE;
				CLANG_CXX_LANGUAGE_STANDARD = "gnu++14";
				CLANG_CXX_LIBRARY = "libc++";
				CLANG_ENABLE_MODULES = YES;
				CLANG_ENABLE_OBJC_ARC = YES;
				CLANG_ENABLE_OBJC_WEAK = YES;
				CLANG_WARN_BLOCK_CAPTURE_AUTORELEASING = YES;
				CLANG_WARN_BOOL_CONVERSION = YES;
				CLANG_WARN_COMMA = YES;
				CLANG_WARN_CONSTANT_CONVERSION = YES;
				CLANG_WARN_DEPRECATED_OBJC_IMPLEMENTATIONS = YES;
				CLANG_WARN_DIRECT_OBJC_ISA_USAGE = YES_ERROR;
				CLANG_WARN_DOCUMENTATION_COMMENTS = YES;
				CLANG_WARN_EMPTY_BODY = YES;
				CLANG_WARN_ENUM_CONVERSION = YES;
				CLANG_WARN_INFINITE_RECURSION = YES;
				CLANG_WARN_INT_CONVERSION = YES;
				CLANG_WARN_NON_LITERAL_NULL_CONVERSION = YES;
				CLANG_WARN_OBJC_IMPLICIT_RETAIN_SELF = YES;
				CLANG_WARN_OBJC_LITERAL_CONVERSION = YES;
				CLANG_WARN_OBJC_ROOT_CLASS = YES_ERROR;
				CLANG_WARN_RANGE_LOOP_ANALYSIS = YES;
				CLANG_WARN_STRICT_PROTOTYPES = YES;
				CLANG_WARN_SUSPICIOUS_MOVE = YES;
				CLANG_WARN_UNGUARDED_AVAILABILITY = YES_AGGRESSIVE;
				CLANG_WARN_UNREACHABLE_CODE = YES;
				CLANG_WARN__DUPLICATE_METHOD_MATCH = YES;
				COPY_PHASE_STRIP = NO;
				DEBUG_INFORMATION_FORMAT = dwarf;
				ENABLE_STRICT_OBJC_MSGSEND = YES;
				ENABLE_TESTABILITY = YES;
				GCC_C_LANGUAGE_STANDARD = gnu11;
				GCC_DYNAMIC_NO_PIC = NO;
				GCC_NO_COMMON_BLOCKS = YES;
				GCC_OPTIMIZATION_LEVEL = 0;
				GCC_PREPROCESSOR_DEFINITIONS = (
					"DEBUG=1",
					"$(inherited)",
				);
				GCC_WARN_64_TO_32_BIT_CONVERSION = YES;
				GCC_WARN_ABOUT_RETURN_TYPE = YES_ERROR;
				GCC_WARN_UNDECLARED_SELECTOR = YES;
				GCC_WARN_UNINITIALIZED_AUTOS = YES_AGGRESSIVE;
				GCC_WARN_UNUSED_FUNCTION = YES;
				GCC_WARN_UNUSED_VARIABLE = YES;
				MACOSX_DEPLOYMENT_TARGET = 10.15;
				MTL_ENABLE_DEBUG_INFO = INCLUDE_SOURCE;
				MTL_FAST_MATH = YES;
				ONLY_ACTIVE_ARCH = YES;
				SDKROOT = macosx;
			};
			name = Debug;
		};
		8182511C2386AFCD00C504E5 /* Release */ = {
			isa = XCBuildConfiguration;
			buildSettings = {
				ALWAYS_SEARCH_USER_PATHS = NO;
				CLANG_ANALYZER_NONNULL = YES;
				CLANG_ANALYZER_NUMBER_OBJECT_CONVERSION = YES_AGGRESSIVE;
				CLANG_CXX_LANGUAGE_STANDARD = "gnu++14";
				CLANG_CXX_LIBRARY = "libc++";
				CLANG_ENABLE_MODULES = YES;
				CLANG_ENABLE_OBJC_ARC = YES;
				CLANG_ENABLE_OBJC_WEAK = YES;
				CLANG_WARN_BLOCK_CAPTURE_AUTORELEASING = YES;
				CLANG_WARN_BOOL_CONVERSION = YES;
				CLANG_WARN_COMMA = YES;
				CLANG_WARN_CONSTANT_CONVERSION = YES;
				CLANG_WARN_DEPRECATED_OBJC_IMPLEMENTATIONS = YES;
				CLANG_WARN_DIRECT_OBJC_ISA_USAGE = YES_ERROR;
				CLANG_WARN_DOCUMENTATION_COMMENTS = YES;
				CLANG_WARN_EMPTY_BODY = YES;
				CLANG_WARN_ENUM_CONVERSION = YES;
				CLANG_WARN_INFINITE_RECURSION = YES;
				CLANG_WARN_INT_CONVERSION = YES;
				CLANG_WARN_NON_LITERAL_NULL_CONVERSION = YES;
				CLANG_WARN_OBJC_IMPLICIT_RETAIN_SELF = YES;
				CLANG_WARN_OBJC_LITERAL_CONVERSION = YES;
				CLANG_WARN_OBJC_ROOT_CLASS = YES_ERROR;
				CLANG_WARN_RANGE_LOOP_ANALYSIS = YES;
				CLANG_WARN_STRICT_PROTOTYPES = YES;
				CLANG_WARN_SUSPICIOUS_MOVE = YES;
				CLANG_WARN_UNGUARDED_AVAILABILITY = YES_AGGRESSIVE;
				CLANG_WARN_UNREACHABLE_CODE = YES;
				CLANG_WARN__DUPLICATE_METHOD_MATCH = YES;
				COPY_PHASE_STRIP = NO;
				DEBUG_INFORMATION_FORMAT = "dwarf-with-dsym";
				ENABLE_NS_ASSERTIONS = NO;
				ENABLE_STRICT_OBJC_MSGSEND = YES;
				GCC_C_LANGUAGE_STANDARD = gnu11;
				GCC_NO_COMMON_BLOCKS = YES;
				GCC_WARN_64_TO_32_BIT_CONVERSION = YES;
				GCC_WARN_ABOUT_RETURN_TYPE = YES_ERROR;
				GCC_WARN_UNDECLARED_SELECTOR = YES;
				GCC_WARN_UNINITIALIZED_AUTOS = YES_AGGRESSIVE;
				GCC_WARN_UNUSED_FUNCTION = YES;
				GCC_WARN_UNUSED_VARIABLE = YES;
				MACOSX_DEPLOYMENT_TARGET = 10.15;
				MTL_ENABLE_DEBUG_INFO = NO;
				MTL_FAST_MATH = YES;
				SDKROOT = macosx;
			};
			name = Release;
		};
		8182511E2386AFCD00C504E5 /* Debug */ = {
			isa = XCBuildConfiguration;
			buildSettings = {
				CLANG_WARN_DOCUMENTATION_COMMENTS = NO;
				CODE_SIGN_STYLE = Automatic;
				DEVELOPMENT_TEAM = 43793QF9P9;
				ENABLE_HARDENED_RUNTIME = YES;
				GCC_PREPROCESSOR_DEFINITIONS = MAC_OS;
				HEADER_SEARCH_PATHS = (
					/Users/vinicius/Documents/GitHub/GL_Game/GL_Game/3rd_party/GLFW/include,
					/Users/vinicius/Documents/GitHub/GL_Game/GL_Game/3rd_party/GLAD/include,
					/Users/vinicius/Documents/GitHub/GL_Game/GL_Game/3rd_party/glm/include,
					/Users/vinicius/Documents/GitHub/GL_Game/GL_Game/3rd_party/STB/include,
				);
				LIBRARY_SEARCH_PATHS = "/Users/vinicius/Documents/GitHub/GL_Game/GL_Game/3rd_party/GLFW/lib-macos";
				MACOSX_DEPLOYMENT_TARGET = 10.11;
				PRODUCT_NAME = "$(TARGET_NAME)";
			};
			name = Debug;
		};
		8182511F2386AFCD00C504E5 /* Release */ = {
			isa = XCBuildConfiguration;
			buildSettings = {
				CLANG_WARN_DOCUMENTATION_COMMENTS = NO;
				CODE_SIGN_STYLE = Automatic;
				DEVELOPMENT_TEAM = 43793QF9P9;
				ENABLE_HARDENED_RUNTIME = YES;
				GCC_PREPROCESSOR_DEFINITIONS = MAC_OS;
				HEADER_SEARCH_PATHS = (
					/Users/vinicius/Documents/GitHub/GL_Game/GL_Game/3rd_party/GLFW/include,
					/Users/vinicius/Documents/GitHub/GL_Game/GL_Game/3rd_party/GLAD/include,
					/Users/vinicius/Documents/GitHub/GL_Game/GL_Game/3rd_party/glm/include,
					/Users/vinicius/Documents/GitHub/GL_Game/GL_Game/3rd_party/STB/include,
				);
				LIBRARY_SEARCH_PATHS = "/Users/vinicius/Documents/GitHub/GL_Game/GL_Game/3rd_party/GLFW/lib-macos";
				MACOSX_DEPLOYMENT_TARGET = 10.11;
				PRODUCT_NAME = "$(TARGET_NAME)";
			};
			name = Release;
		};
/* End XCBuildConfiguration section */

/* Begin XCConfigurationList section */
		818251112386AFCD00C504E5 /* Build configuration list for PBXProject "GL_Game" */ = {
			isa = XCConfigurationList;
			buildConfigurations = (
				8182511B2386AFCD00C504E5 /* Debug */,
				8182511C2386AFCD00C504E5 /* Release */,
			);
			defaultConfigurationIsVisible = 0;
			defaultConfigurationName = Release;
		};
		8182511D2386AFCD00C504E5 /* Build configuration list for PBXNativeTarget "GL_Game" */ = {
			isa = XCConfigurationList;
			buildConfigurations = (
				8182511E2386AFCD00C504E5 /* Debug */,
				8182511F2386AFCD00C504E5 /* Release */,
			);
			defaultConfigurationIsVisible = 0;
			defaultConfigurationName = Release;
		};
/* End XCConfigurationList section */
	};
	rootObject = 8182510E2386AFCD00C504E5 /* Project object */;
}
